// !$*UTF8*$!
{
	archiveVersion = 1;
	classes = {
	};
	objectVersion = 56;
	objects = {

/* Begin PBXBuildFile section */
		AC35750929D9872C00A73562 /* HorizontalProgressBar.swift in Sources */ = {isa = PBXBuildFile; fileRef = AC35750829D9872B00A73562 /* HorizontalProgressBar.swift */; };
		AC35750B29D98B5600A73562 /* Date+Extensions.swift in Sources */ = {isa = PBXBuildFile; fileRef = AC35750A29D98B5600A73562 /* Date+Extensions.swift */; };
		AC463FB929D976740054657B /* Football_AppTests.swift in Sources */ = {isa = PBXBuildFile; fileRef = AC463FB829D976740054657B /* Football_AppTests.swift */; };
		AC69379B29D9592300C69B7C /* UIView+Extensions.swift in Sources */ = {isa = PBXBuildFile; fileRef = AC69379A29D9592300C69B7C /* UIView+Extensions.swift */; };
		AC6937A329D9608300C69B7C /* ContentTypeSegmenControlCell.swift in Sources */ = {isa = PBXBuildFile; fileRef = AC6937A129D9608300C69B7C /* ContentTypeSegmenControlCell.swift */; };
		AC6937A429D9608300C69B7C /* ContentTypeSegmenControlCell.xib in Resources */ = {isa = PBXBuildFile; fileRef = AC6937A229D9608300C69B7C /* ContentTypeSegmenControlCell.xib */; };
		AC6937A629D960C400C69B7C /* InfoSegmenControl.swift in Sources */ = {isa = PBXBuildFile; fileRef = AC6937A529D960C400C69B7C /* InfoSegmenControl.swift */; };
		AC6937AA29D973B100C69B7C /* BallPossessionCell.swift in Sources */ = {isa = PBXBuildFile; fileRef = AC6937A829D973B100C69B7C /* BallPossessionCell.swift */; };
		AC6937AB29D973B100C69B7C /* BallPossessionCell.xib in Resources */ = {isa = PBXBuildFile; fileRef = AC6937A929D973B100C69B7C /* BallPossessionCell.xib */; };
		AC83301D29D880ED0053A0CE /* AppDelegate.swift in Sources */ = {isa = PBXBuildFile; fileRef = AC83301C29D880ED0053A0CE /* AppDelegate.swift */; };
		AC83301F29D880ED0053A0CE /* SceneDelegate.swift in Sources */ = {isa = PBXBuildFile; fileRef = AC83301E29D880ED0053A0CE /* SceneDelegate.swift */; };
		AC83302629D880EE0053A0CE /* Assets.xcassets in Resources */ = {isa = PBXBuildFile; fileRef = AC83302529D880EE0053A0CE /* Assets.xcassets */; };
		AC83302929D880EE0053A0CE /* LaunchScreen.storyboard in Resources */ = {isa = PBXBuildFile; fileRef = AC83302729D880EE0053A0CE /* LaunchScreen.storyboard */; };
		AC83303829D883340053A0CE /* IntroViewController.swift in Sources */ = {isa = PBXBuildFile; fileRef = AC83303629D883340053A0CE /* IntroViewController.swift */; };
		AC83303929D883340053A0CE /* IntroViewController.xib in Resources */ = {isa = PBXBuildFile; fileRef = AC83303729D883340053A0CE /* IntroViewController.xib */; };
		AC83303D29D884170053A0CE /* MatchesViewController.swift in Sources */ = {isa = PBXBuildFile; fileRef = AC83303B29D884170053A0CE /* MatchesViewController.swift */; };
		AC83303E29D884170053A0CE /* MatchesViewController.xib in Resources */ = {isa = PBXBuildFile; fileRef = AC83303C29D884170053A0CE /* MatchesViewController.xib */; };
		AC83304429D888100053A0CE /* MainDashboardTabBarController.swift in Sources */ = {isa = PBXBuildFile; fileRef = AC83304329D888100053A0CE /* MainDashboardTabBarController.swift */; };
		AC83304729D890100053A0CE /* NetworkingConstans.swift in Sources */ = {isa = PBXBuildFile; fileRef = AC83304629D890100053A0CE /* NetworkingConstans.swift */; };
		AC83304929D8A6A70053A0CE /* MatchesViewModel.swift in Sources */ = {isa = PBXBuildFile; fileRef = AC83304829D8A6A70053A0CE /* MatchesViewModel.swift */; };
		AC83304B29D8A6CF0053A0CE /* MatchesViewDataSource.swift in Sources */ = {isa = PBXBuildFile; fileRef = AC83304A29D8A6CF0053A0CE /* MatchesViewDataSource.swift */; };
		AC83304D29D8A7530053A0CE /* CellConfiguration.swift in Sources */ = {isa = PBXBuildFile; fileRef = AC83304C29D8A7530053A0CE /* CellConfiguration.swift */; };
		AC83305029D8A9E10053A0CE /* Resolver in Frameworks */ = {isa = PBXBuildFile; productRef = AC83304F29D8A9E10053A0CE /* Resolver */; };
		AC83305229D8AA510053A0CE /* MatchesRouter.swift in Sources */ = {isa = PBXBuildFile; fileRef = AC83305129D8AA510053A0CE /* MatchesRouter.swift */; };
		AC83305529D8BBD10053A0CE /* Application+Injection.swift in Sources */ = {isa = PBXBuildFile; fileRef = AC83305429D8BBD10053A0CE /* Application+Injection.swift */; };
		AC83305729D8BCA40053A0CE /* Matches+Injection.swift in Sources */ = {isa = PBXBuildFile; fileRef = AC83305629D8BCA40053A0CE /* Matches+Injection.swift */; };
		AC83305A29D8BE1B0053A0CE /* MatchesServices.swift in Sources */ = {isa = PBXBuildFile; fileRef = AC83305929D8BE1B0053A0CE /* MatchesServices.swift */; };
		AC83305E29D8C4F30053A0CE /* MatchModel.swift in Sources */ = {isa = PBXBuildFile; fileRef = AC83305D29D8C4F30053A0CE /* MatchModel.swift */; };
		AC83306129D8C5B70053A0CE /* RequestURLGenerator.swift in Sources */ = {isa = PBXBuildFile; fileRef = AC83306029D8C5B70053A0CE /* RequestURLGenerator.swift */; };
		AC83306529D8C9D40053A0CE /* MatcheDayCell.swift in Sources */ = {isa = PBXBuildFile; fileRef = AC83306329D8C9D40053A0CE /* MatcheDayCell.swift */; };
		AC83306629D8C9D40053A0CE /* MatcheDayCell.xib in Resources */ = {isa = PBXBuildFile; fileRef = AC83306429D8C9D40053A0CE /* MatcheDayCell.xib */; };
		AC83306929D8CA820053A0CE /* UITableView+Extensions.swift in Sources */ = {isa = PBXBuildFile; fileRef = AC83306829D8CA820053A0CE /* UITableView+Extensions.swift */; };
		AC83306B29D8CAA00053A0CE /* UITableViewCell+Extensions.swift in Sources */ = {isa = PBXBuildFile; fileRef = AC83306A29D8CAA00053A0CE /* UITableViewCell+Extensions.swift */; };
		AC83306F29D8CF680053A0CE /* TeamsScoresCell.swift in Sources */ = {isa = PBXBuildFile; fileRef = AC83306D29D8CF680053A0CE /* TeamsScoresCell.swift */; };
		AC83307029D8CF680053A0CE /* TeamsScoresCell.xib in Resources */ = {isa = PBXBuildFile; fileRef = AC83306E29D8CF680053A0CE /* TeamsScoresCell.xib */; };
		AC83307329D8E4760053A0CE /* Kingfisher in Frameworks */ = {isa = PBXBuildFile; productRef = AC83307229D8E4760053A0CE /* Kingfisher */; };
/* End PBXBuildFile section */

/* Begin PBXContainerItemProxy section */
		AC463FBA29D976740054657B /* PBXContainerItemProxy */ = {
			isa = PBXContainerItemProxy;
			containerPortal = AC83301129D880ED0053A0CE /* Project object */;
			proxyType = 1;
			remoteGlobalIDString = AC83301829D880ED0053A0CE;
			remoteInfo = Football_App;
		};
/* End PBXContainerItemProxy section */

/* Begin PBXFileReference section */
		AC35750829D9872B00A73562 /* HorizontalProgressBar.swift */ = {isa = PBXFileReference; lastKnownFileType = sourcecode.swift; path = HorizontalProgressBar.swift; sourceTree = "<group>"; };
		AC35750A29D98B5600A73562 /* Date+Extensions.swift */ = {isa = PBXFileReference; lastKnownFileType = sourcecode.swift; path = "Date+Extensions.swift"; sourceTree = "<group>"; };
		AC463FB629D976740054657B /* Football_AppTests.xctest */ = {isa = PBXFileReference; explicitFileType = wrapper.cfbundle; includeInIndex = 0; path = Football_AppTests.xctest; sourceTree = BUILT_PRODUCTS_DIR; };
		AC463FB829D976740054657B /* Football_AppTests.swift */ = {isa = PBXFileReference; lastKnownFileType = sourcecode.swift; path = Football_AppTests.swift; sourceTree = "<group>"; };
		AC69379A29D9592300C69B7C /* UIView+Extensions.swift */ = {isa = PBXFileReference; lastKnownFileType = sourcecode.swift; path = "UIView+Extensions.swift"; sourceTree = "<group>"; };
		AC6937A129D9608300C69B7C /* ContentTypeSegmenControlCell.swift */ = {isa = PBXFileReference; lastKnownFileType = sourcecode.swift; path = ContentTypeSegmenControlCell.swift; sourceTree = "<group>"; };
		AC6937A229D9608300C69B7C /* ContentTypeSegmenControlCell.xib */ = {isa = PBXFileReference; lastKnownFileType = file.xib; path = ContentTypeSegmenControlCell.xib; sourceTree = "<group>"; };
		AC6937A529D960C400C69B7C /* InfoSegmenControl.swift */ = {isa = PBXFileReference; lastKnownFileType = sourcecode.swift; path = InfoSegmenControl.swift; sourceTree = "<group>"; };
		AC6937A829D973B100C69B7C /* BallPossessionCell.swift */ = {isa = PBXFileReference; lastKnownFileType = sourcecode.swift; path = BallPossessionCell.swift; sourceTree = "<group>"; };
		AC6937A929D973B100C69B7C /* BallPossessionCell.xib */ = {isa = PBXFileReference; lastKnownFileType = file.xib; path = BallPossessionCell.xib; sourceTree = "<group>"; };
		AC83301929D880ED0053A0CE /* Football_App.app */ = {isa = PBXFileReference; explicitFileType = wrapper.application; includeInIndex = 0; path = Football_App.app; sourceTree = BUILT_PRODUCTS_DIR; };
		AC83301C29D880ED0053A0CE /* AppDelegate.swift */ = {isa = PBXFileReference; lastKnownFileType = sourcecode.swift; path = AppDelegate.swift; sourceTree = "<group>"; };
		AC83301E29D880ED0053A0CE /* SceneDelegate.swift */ = {isa = PBXFileReference; lastKnownFileType = sourcecode.swift; path = SceneDelegate.swift; sourceTree = "<group>"; };
		AC83302529D880EE0053A0CE /* Assets.xcassets */ = {isa = PBXFileReference; lastKnownFileType = folder.assetcatalog; path = Assets.xcassets; sourceTree = "<group>"; };
		AC83302829D880EE0053A0CE /* Base */ = {isa = PBXFileReference; lastKnownFileType = file.storyboard; name = Base; path = Base.lproj/LaunchScreen.storyboard; sourceTree = "<group>"; };
		AC83302A29D880EE0053A0CE /* Info.plist */ = {isa = PBXFileReference; lastKnownFileType = text.plist.xml; path = Info.plist; sourceTree = "<group>"; };
		AC83303629D883340053A0CE /* IntroViewController.swift */ = {isa = PBXFileReference; lastKnownFileType = sourcecode.swift; path = IntroViewController.swift; sourceTree = "<group>"; };
		AC83303729D883340053A0CE /* IntroViewController.xib */ = {isa = PBXFileReference; lastKnownFileType = file.xib; path = IntroViewController.xib; sourceTree = "<group>"; };
		AC83303B29D884170053A0CE /* MatchesViewController.swift */ = {isa = PBXFileReference; lastKnownFileType = sourcecode.swift; path = MatchesViewController.swift; sourceTree = "<group>"; };
		AC83303C29D884170053A0CE /* MatchesViewController.xib */ = {isa = PBXFileReference; lastKnownFileType = file.xib; path = MatchesViewController.xib; sourceTree = "<group>"; };
		AC83304329D888100053A0CE /* MainDashboardTabBarController.swift */ = {isa = PBXFileReference; lastKnownFileType = sourcecode.swift; path = MainDashboardTabBarController.swift; sourceTree = "<group>"; };
		AC83304629D890100053A0CE /* NetworkingConstans.swift */ = {isa = PBXFileReference; lastKnownFileType = sourcecode.swift; path = NetworkingConstans.swift; sourceTree = "<group>"; };
		AC83304829D8A6A70053A0CE /* MatchesViewModel.swift */ = {isa = PBXFileReference; lastKnownFileType = sourcecode.swift; path = MatchesViewModel.swift; sourceTree = "<group>"; };
		AC83304A29D8A6CF0053A0CE /* MatchesViewDataSource.swift */ = {isa = PBXFileReference; lastKnownFileType = sourcecode.swift; path = MatchesViewDataSource.swift; sourceTree = "<group>"; };
		AC83304C29D8A7530053A0CE /* CellConfiguration.swift */ = {isa = PBXFileReference; lastKnownFileType = sourcecode.swift; path = CellConfiguration.swift; sourceTree = "<group>"; };
		AC83305129D8AA510053A0CE /* MatchesRouter.swift */ = {isa = PBXFileReference; lastKnownFileType = sourcecode.swift; path = MatchesRouter.swift; sourceTree = "<group>"; };
		AC83305429D8BBD10053A0CE /* Application+Injection.swift */ = {isa = PBXFileReference; lastKnownFileType = sourcecode.swift; path = "Application+Injection.swift"; sourceTree = "<group>"; };
		AC83305629D8BCA40053A0CE /* Matches+Injection.swift */ = {isa = PBXFileReference; lastKnownFileType = sourcecode.swift; path = "Matches+Injection.swift"; sourceTree = "<group>"; };
		AC83305929D8BE1B0053A0CE /* MatchesServices.swift */ = {isa = PBXFileReference; lastKnownFileType = sourcecode.swift; path = MatchesServices.swift; sourceTree = "<group>"; };
		AC83305D29D8C4F30053A0CE /* MatchModel.swift */ = {isa = PBXFileReference; lastKnownFileType = sourcecode.swift; path = MatchModel.swift; sourceTree = "<group>"; };
		AC83306029D8C5B70053A0CE /* RequestURLGenerator.swift */ = {isa = PBXFileReference; lastKnownFileType = sourcecode.swift; path = RequestURLGenerator.swift; sourceTree = "<group>"; };
		AC83306329D8C9D40053A0CE /* MatcheDayCell.swift */ = {isa = PBXFileReference; lastKnownFileType = sourcecode.swift; path = MatcheDayCell.swift; sourceTree = "<group>"; };
		AC83306429D8C9D40053A0CE /* MatcheDayCell.xib */ = {isa = PBXFileReference; lastKnownFileType = file.xib; path = MatcheDayCell.xib; sourceTree = "<group>"; };
		AC83306829D8CA820053A0CE /* UITableView+Extensions.swift */ = {isa = PBXFileReference; lastKnownFileType = sourcecode.swift; path = "UITableView+Extensions.swift"; sourceTree = "<group>"; };
		AC83306A29D8CAA00053A0CE /* UITableViewCell+Extensions.swift */ = {isa = PBXFileReference; lastKnownFileType = sourcecode.swift; path = "UITableViewCell+Extensions.swift"; sourceTree = "<group>"; };
		AC83306D29D8CF680053A0CE /* TeamsScoresCell.swift */ = {isa = PBXFileReference; lastKnownFileType = sourcecode.swift; path = TeamsScoresCell.swift; sourceTree = "<group>"; };
		AC83306E29D8CF680053A0CE /* TeamsScoresCell.xib */ = {isa = PBXFileReference; lastKnownFileType = file.xib; path = TeamsScoresCell.xib; sourceTree = "<group>"; };
/* End PBXFileReference section */

/* Begin PBXFrameworksBuildPhase section */
		AC463FB329D976740054657B /* Frameworks */ = {
			isa = PBXFrameworksBuildPhase;
			buildActionMask = 2147483647;
			files = (
			);
			runOnlyForDeploymentPostprocessing = 0;
		};
		AC83301629D880ED0053A0CE /* Frameworks */ = {
			isa = PBXFrameworksBuildPhase;
			buildActionMask = 2147483647;
			files = (
				AC83307329D8E4760053A0CE /* Kingfisher in Frameworks */,
				AC83305029D8A9E10053A0CE /* Resolver in Frameworks */,
			);
			runOnlyForDeploymentPostprocessing = 0;
		};
/* End PBXFrameworksBuildPhase section */

/* Begin PBXGroup section */
		AC463FB729D976740054657B /* Football_AppTests */ = {
			isa = PBXGroup;
			children = (
				AC463FB829D976740054657B /* Football_AppTests.swift */,
			);
			path = Football_AppTests;
			sourceTree = "<group>";
		};
		AC69379C29D9601B00C69B7C /* ContentTypeSegmenControlCell */ = {
			isa = PBXGroup;
			children = (
				AC6937A129D9608300C69B7C /* ContentTypeSegmenControlCell.swift */,
				AC6937A229D9608300C69B7C /* ContentTypeSegmenControlCell.xib */,
			);
			path = ContentTypeSegmenControlCell;
			sourceTree = "<group>";
		};
		AC6937A729D9739800C69B7C /* BallPossessionCell */ = {
			isa = PBXGroup;
			children = (
				AC6937A829D973B100C69B7C /* BallPossessionCell.swift */,
				AC6937A929D973B100C69B7C /* BallPossessionCell.xib */,
			);
			path = BallPossessionCell;
			sourceTree = "<group>";
		};
		AC83301029D880ED0053A0CE = {
			isa = PBXGroup;
			children = (
				AC83301B29D880ED0053A0CE /* Football_App */,
				AC463FB729D976740054657B /* Football_AppTests */,
				AC83301A29D880ED0053A0CE /* Products */,
			);
			sourceTree = "<group>";
		};
		AC83301A29D880ED0053A0CE /* Products */ = {
			isa = PBXGroup;
			children = (
				AC83301929D880ED0053A0CE /* Football_App.app */,
				AC463FB629D976740054657B /* Football_AppTests.xctest */,
			);
			name = Products;
			sourceTree = "<group>";
		};
		AC83301B29D880ED0053A0CE /* Football_App */ = {
			isa = PBXGroup;
			children = (
				AC83303329D881CC0053A0CE /* App */,
				AC83303229D881C30053A0CE /* Data */,
				AC83303129D881B80053A0CE /* Infrastructure */,
				AC83303029D881AE0053A0CE /* UI */,
			);
			path = Football_App;
			sourceTree = "<group>";
		};
		AC83303029D881AE0053A0CE /* UI */ = {
			isa = PBXGroup;
			children = (
				AC83303529D8830F0053A0CE /* Dashboard */,
				AC83303429D883020053A0CE /* Intro */,
			);
			path = UI;
			sourceTree = "<group>";
		};
		AC83303129D881B80053A0CE /* Infrastructure */ = {
			isa = PBXGroup;
			children = (
				AC83306729D8CA710053A0CE /* Extensions */,
				AC83305F29D8C56C0053A0CE /* Generators */,
				AC83303F29D886140053A0CE /* Custom UI Components */,
				AC83304C29D8A7530053A0CE /* CellConfiguration.swift */,
			);
			path = Infrastructure;
			sourceTree = "<group>";
		};
		AC83303229D881C30053A0CE /* Data */ = {
			isa = PBXGroup;
			children = (
				AC83305B29D8C4CD0053A0CE /* Domain */,
				AC83305829D8BDED0053A0CE /* RestAPITasks */,
				AC83304529D88FFA0053A0CE /* Constants */,
				AC83305329D8BBB20053A0CE /* DI */,
			);
			path = Data;
			sourceTree = "<group>";
		};
		AC83303329D881CC0053A0CE /* App */ = {
			isa = PBXGroup;
			children = (
				AC83301C29D880ED0053A0CE /* AppDelegate.swift */,
				AC83301E29D880ED0053A0CE /* SceneDelegate.swift */,
				AC83302729D880EE0053A0CE /* LaunchScreen.storyboard */,
				AC83302529D880EE0053A0CE /* Assets.xcassets */,
				AC83302A29D880EE0053A0CE /* Info.plist */,
			);
			path = App;
			sourceTree = "<group>";
		};
		AC83303429D883020053A0CE /* Intro */ = {
			isa = PBXGroup;
			children = (
				AC83303629D883340053A0CE /* IntroViewController.swift */,
				AC83303729D883340053A0CE /* IntroViewController.xib */,
			);
			path = Intro;
			sourceTree = "<group>";
		};
		AC83303529D8830F0053A0CE /* Dashboard */ = {
			isa = PBXGroup;
			children = (
				AC83304229D887FD0053A0CE /* MainTabBar */,
				AC83303A29D884060053A0CE /* Matches */,
			);
			path = Dashboard;
			sourceTree = "<group>";
		};
		AC83303A29D884060053A0CE /* Matches */ = {
			isa = PBXGroup;
			children = (
				AC6937A729D9739800C69B7C /* BallPossessionCell */,
				AC69379C29D9601B00C69B7C /* ContentTypeSegmenControlCell */,
				AC83306C29D8CF040053A0CE /* TeamsScoresCell */,
				AC83306229D8C9AF0053A0CE /* MatcheDayCell */,
				AC83303B29D884170053A0CE /* MatchesViewController.swift */,
				AC83303C29D884170053A0CE /* MatchesViewController.xib */,
				AC83304829D8A6A70053A0CE /* MatchesViewModel.swift */,
				AC83304A29D8A6CF0053A0CE /* MatchesViewDataSource.swift */,
				AC83305129D8AA510053A0CE /* MatchesRouter.swift */,
			);
			path = Matches;
			sourceTree = "<group>";
		};
		AC83303F29D886140053A0CE /* Custom UI Components */ = {
			isa = PBXGroup;
			children = (
				AC6937A529D960C400C69B7C /* InfoSegmenControl.swift */,
				AC35750829D9872B00A73562 /* HorizontalProgressBar.swift */,
			);
			path = "Custom UI Components";
			sourceTree = "<group>";
		};
		AC83304229D887FD0053A0CE /* MainTabBar */ = {
			isa = PBXGroup;
			children = (
				AC83304329D888100053A0CE /* MainDashboardTabBarController.swift */,
			);
			path = MainTabBar;
			sourceTree = "<group>";
		};
		AC83304529D88FFA0053A0CE /* Constants */ = {
			isa = PBXGroup;
			children = (
				AC83304629D890100053A0CE /* NetworkingConstans.swift */,
			);
			path = Constants;
			sourceTree = "<group>";
		};
		AC83305329D8BBB20053A0CE /* DI */ = {
			isa = PBXGroup;
			children = (
				AC83305429D8BBD10053A0CE /* Application+Injection.swift */,
				AC83305629D8BCA40053A0CE /* Matches+Injection.swift */,
			);
			path = DI;
			sourceTree = "<group>";
		};
		AC83305829D8BDED0053A0CE /* RestAPITasks */ = {
			isa = PBXGroup;
			children = (
				AC83305929D8BE1B0053A0CE /* MatchesServices.swift */,
			);
			path = RestAPITasks;
			sourceTree = "<group>";
		};
		AC83305B29D8C4CD0053A0CE /* Domain */ = {
			isa = PBXGroup;
			children = (
				AC83305C29D8C4D80053A0CE /* Model */,
			);
			path = Domain;
			sourceTree = "<group>";
		};
		AC83305C29D8C4D80053A0CE /* Model */ = {
			isa = PBXGroup;
			children = (
				AC83305D29D8C4F30053A0CE /* MatchModel.swift */,
			);
			path = Model;
			sourceTree = "<group>";
		};
		AC83305F29D8C56C0053A0CE /* Generators */ = {
			isa = PBXGroup;
			children = (
				AC83306029D8C5B70053A0CE /* RequestURLGenerator.swift */,
			);
			path = Generators;
			sourceTree = "<group>";
		};
		AC83306229D8C9AF0053A0CE /* MatcheDayCell */ = {
			isa = PBXGroup;
			children = (
				AC83306329D8C9D40053A0CE /* MatcheDayCell.swift */,
				AC83306429D8C9D40053A0CE /* MatcheDayCell.xib */,
			);
			path = MatcheDayCell;
			sourceTree = "<group>";
		};
		AC83306729D8CA710053A0CE /* Extensions */ = {
			isa = PBXGroup;
			children = (
				AC83306829D8CA820053A0CE /* UITableView+Extensions.swift */,
				AC83306A29D8CAA00053A0CE /* UITableViewCell+Extensions.swift */,
				AC69379A29D9592300C69B7C /* UIView+Extensions.swift */,
				AC35750A29D98B5600A73562 /* Date+Extensions.swift */,
			);
			path = Extensions;
			sourceTree = "<group>";
		};
		AC83306C29D8CF040053A0CE /* TeamsScoresCell */ = {
			isa = PBXGroup;
			children = (
				AC83306D29D8CF680053A0CE /* TeamsScoresCell.swift */,
				AC83306E29D8CF680053A0CE /* TeamsScoresCell.xib */,
			);
			path = TeamsScoresCell;
			sourceTree = "<group>";
		};
/* End PBXGroup section */

/* Begin PBXNativeTarget section */
		AC463FB529D976740054657B /* Football_AppTests */ = {
			isa = PBXNativeTarget;
			buildConfigurationList = AC463FBE29D976750054657B /* Build configuration list for PBXNativeTarget "Football_AppTests" */;
			buildPhases = (
				AC463FB229D976740054657B /* Sources */,
				AC463FB329D976740054657B /* Frameworks */,
				AC463FB429D976740054657B /* Resources */,
			);
			buildRules = (
			);
			dependencies = (
				AC463FBB29D976740054657B /* PBXTargetDependency */,
			);
			name = Football_AppTests;
			productName = Football_AppTests;
			productReference = AC463FB629D976740054657B /* Football_AppTests.xctest */;
			productType = "com.apple.product-type.bundle.unit-test";
		};
		AC83301829D880ED0053A0CE /* Football_App */ = {
			isa = PBXNativeTarget;
			buildConfigurationList = AC83302D29D880EE0053A0CE /* Build configuration list for PBXNativeTarget "Football_App" */;
			buildPhases = (
				AC83301529D880ED0053A0CE /* Sources */,
				AC83301629D880ED0053A0CE /* Frameworks */,
				AC83301729D880ED0053A0CE /* Resources */,
			);
			buildRules = (
			);
			dependencies = (
			);
			name = Football_App;
			packageProductDependencies = (
				AC83304F29D8A9E10053A0CE /* Resolver */,
				AC83307229D8E4760053A0CE /* Kingfisher */,
			);
			productName = Football_App;
			productReference = AC83301929D880ED0053A0CE /* Football_App.app */;
			productType = "com.apple.product-type.application";
		};
/* End PBXNativeTarget section */

/* Begin PBXProject section */
		AC83301129D880ED0053A0CE /* Project object */ = {
			isa = PBXProject;
			attributes = {
				BuildIndependentTargetsInParallel = 1;
				LastSwiftUpdateCheck = 1420;
				LastUpgradeCheck = 1420;
				TargetAttributes = {
					AC463FB529D976740054657B = {
						CreatedOnToolsVersion = 14.2;
						TestTargetID = AC83301829D880ED0053A0CE;
					};
					AC83301829D880ED0053A0CE = {
						CreatedOnToolsVersion = 14.2;
					};
				};
			};
			buildConfigurationList = AC83301429D880ED0053A0CE /* Build configuration list for PBXProject "Football_App" */;
			compatibilityVersion = "Xcode 14.0";
			developmentRegion = en;
			hasScannedForEncodings = 0;
			knownRegions = (
				en,
				Base,
			);
			mainGroup = AC83301029D880ED0053A0CE;
			packageReferences = (
				AC83304E29D8A9E10053A0CE /* XCRemoteSwiftPackageReference "Resolver" */,
				AC83307129D8E4760053A0CE /* XCRemoteSwiftPackageReference "Kingfisher" */,
			);
			productRefGroup = AC83301A29D880ED0053A0CE /* Products */;
			projectDirPath = "";
			projectRoot = "";
			targets = (
				AC83301829D880ED0053A0CE /* Football_App */,
				AC463FB529D976740054657B /* Football_AppTests */,
			);
		};
/* End PBXProject section */

/* Begin PBXResourcesBuildPhase section */
		AC463FB429D976740054657B /* Resources */ = {
			isa = PBXResourcesBuildPhase;
			buildActionMask = 2147483647;
			files = (
			);
			runOnlyForDeploymentPostprocessing = 0;
		};
		AC83301729D880ED0053A0CE /* Resources */ = {
			isa = PBXResourcesBuildPhase;
			buildActionMask = 2147483647;
			files = (
				AC6937AB29D973B100C69B7C /* BallPossessionCell.xib in Resources */,
				AC83302929D880EE0053A0CE /* LaunchScreen.storyboard in Resources */,
				AC83302629D880EE0053A0CE /* Assets.xcassets in Resources */,
				AC83303E29D884170053A0CE /* MatchesViewController.xib in Resources */,
				AC83307029D8CF680053A0CE /* TeamsScoresCell.xib in Resources */,
				AC6937A429D9608300C69B7C /* ContentTypeSegmenControlCell.xib in Resources */,
				AC83303929D883340053A0CE /* IntroViewController.xib in Resources */,
				AC83306629D8C9D40053A0CE /* MatcheDayCell.xib in Resources */,
			);
			runOnlyForDeploymentPostprocessing = 0;
		};
/* End PBXResourcesBuildPhase section */

/* Begin PBXSourcesBuildPhase section */
		AC463FB229D976740054657B /* Sources */ = {
			isa = PBXSourcesBuildPhase;
			buildActionMask = 2147483647;
			files = (
				AC463FB929D976740054657B /* Football_AppTests.swift in Sources */,
			);
			runOnlyForDeploymentPostprocessing = 0;
		};
		AC83301529D880ED0053A0CE /* Sources */ = {
			isa = PBXSourcesBuildPhase;
			buildActionMask = 2147483647;
			files = (
				AC69379B29D9592300C69B7C /* UIView+Extensions.swift in Sources */,
				AC6937A329D9608300C69B7C /* ContentTypeSegmenControlCell.swift in Sources */,
				AC83306529D8C9D40053A0CE /* MatcheDayCell.swift in Sources */,
				AC83301D29D880ED0053A0CE /* AppDelegate.swift in Sources */,
				AC6937A629D960C400C69B7C /* InfoSegmenControl.swift in Sources */,
				AC83305E29D8C4F30053A0CE /* MatchModel.swift in Sources */,
				AC83304929D8A6A70053A0CE /* MatchesViewModel.swift in Sources */,
				AC83304729D890100053A0CE /* NetworkingConstans.swift in Sources */,
				AC83305229D8AA510053A0CE /* MatchesRouter.swift in Sources */,
				AC83301F29D880ED0053A0CE /* SceneDelegate.swift in Sources */,
				AC6937AA29D973B100C69B7C /* BallPossessionCell.swift in Sources */,
				AC83306129D8C5B70053A0CE /* RequestURLGenerator.swift in Sources */,
				AC83306F29D8CF680053A0CE /* TeamsScoresCell.swift in Sources */,
				AC83306B29D8CAA00053A0CE /* UITableViewCell+Extensions.swift in Sources */,
				AC83306929D8CA820053A0CE /* UITableView+Extensions.swift in Sources */,
				AC83304429D888100053A0CE /* MainDashboardTabBarController.swift in Sources */,
				AC83305A29D8BE1B0053A0CE /* MatchesServices.swift in Sources */,
				AC83303D29D884170053A0CE /* MatchesViewController.swift in Sources */,
				AC35750B29D98B5600A73562 /* Date+Extensions.swift in Sources */,
				AC35750929D9872C00A73562 /* HorizontalProgressBar.swift in Sources */,
				AC83305529D8BBD10053A0CE /* Application+Injection.swift in Sources */,
				AC83303829D883340053A0CE /* IntroViewController.swift in Sources */,
				AC83304D29D8A7530053A0CE /* CellConfiguration.swift in Sources */,
				AC83304B29D8A6CF0053A0CE /* MatchesViewDataSource.swift in Sources */,
				AC83305729D8BCA40053A0CE /* Matches+Injection.swift in Sources */,
			);
			runOnlyForDeploymentPostprocessing = 0;
		};
/* End PBXSourcesBuildPhase section */

/* Begin PBXTargetDependency section */
		AC463FBB29D976740054657B /* PBXTargetDependency */ = {
			isa = PBXTargetDependency;
			target = AC83301829D880ED0053A0CE /* Football_App */;
			targetProxy = AC463FBA29D976740054657B /* PBXContainerItemProxy */;
		};
/* End PBXTargetDependency section */

/* Begin PBXVariantGroup section */
		AC83302729D880EE0053A0CE /* LaunchScreen.storyboard */ = {
			isa = PBXVariantGroup;
			children = (
				AC83302829D880EE0053A0CE /* Base */,
			);
			name = LaunchScreen.storyboard;
			sourceTree = "<group>";
		};
/* End PBXVariantGroup section */

/* Begin XCBuildConfiguration section */
		AC463FBC29D976750054657B /* Debug */ = {
			isa = XCBuildConfiguration;
			buildSettings = {
				BUNDLE_LOADER = "$(TEST_HOST)";
				CODE_SIGN_STYLE = Automatic;
				CURRENT_PROJECT_VERSION = 1;
				GENERATE_INFOPLIST_FILE = YES;
				MARKETING_VERSION = 1.0;
				PRODUCT_BUNDLE_IDENTIFIER = "com.ikakooo.Football-AppTests";
				PRODUCT_NAME = "$(TARGET_NAME)";
				SWIFT_EMIT_LOC_STRINGS = NO;
				SWIFT_VERSION = 5.0;
				TARGETED_DEVICE_FAMILY = "1,2";
				TEST_HOST = "$(BUILT_PRODUCTS_DIR)/Football_App.app/$(BUNDLE_EXECUTABLE_FOLDER_PATH)/Football_App";
			};
			name = Debug;
		};
		AC463FBD29D976750054657B /* Release */ = {
			isa = XCBuildConfiguration;
			buildSettings = {
				BUNDLE_LOADER = "$(TEST_HOST)";
				CODE_SIGN_STYLE = Automatic;
				CURRENT_PROJECT_VERSION = 1;
				GENERATE_INFOPLIST_FILE = YES;
				MARKETING_VERSION = 1.0;
				PRODUCT_BUNDLE_IDENTIFIER = "com.ikakooo.Football-AppTests";
				PRODUCT_NAME = "$(TARGET_NAME)";
				SWIFT_EMIT_LOC_STRINGS = NO;
				SWIFT_VERSION = 5.0;
				TARGETED_DEVICE_FAMILY = "1,2";
				TEST_HOST = "$(BUILT_PRODUCTS_DIR)/Football_App.app/$(BUNDLE_EXECUTABLE_FOLDER_PATH)/Football_App";
			};
			name = Release;
		};
		AC83302B29D880EE0053A0CE /* Debug */ = {
			isa = XCBuildConfiguration;
			buildSettings = {
				ALWAYS_SEARCH_USER_PATHS = NO;
				CLANG_ANALYZER_NONNULL = YES;
				CLANG_ANALYZER_NUMBER_OBJECT_CONVERSION = YES_AGGRESSIVE;
				CLANG_CXX_LANGUAGE_STANDARD = "gnu++20";
				CLANG_ENABLE_MODULES = YES;
				CLANG_ENABLE_OBJC_ARC = YES;
				CLANG_ENABLE_OBJC_WEAK = YES;
				CLANG_WARN_BLOCK_CAPTURE_AUTORELEASING = YES;
				CLANG_WARN_BOOL_CONVERSION = YES;
				CLANG_WARN_COMMA = YES;
				CLANG_WARN_CONSTANT_CONVERSION = YES;
				CLANG_WARN_DEPRECATED_OBJC_IMPLEMENTATIONS = YES;
				CLANG_WARN_DIRECT_OBJC_ISA_USAGE = YES_ERROR;
				CLANG_WARN_DOCUMENTATION_COMMENTS = YES;
				CLANG_WARN_EMPTY_BODY = YES;
				CLANG_WARN_ENUM_CONVERSION = YES;
				CLANG_WARN_INFINITE_RECURSION = YES;
				CLANG_WARN_INT_CONVERSION = YES;
				CLANG_WARN_NON_LITERAL_NULL_CONVERSION = YES;
				CLANG_WARN_OBJC_IMPLICIT_RETAIN_SELF = YES;
				CLANG_WARN_OBJC_LITERAL_CONVERSION = YES;
				CLANG_WARN_OBJC_ROOT_CLASS = YES_ERROR;
				CLANG_WARN_QUOTED_INCLUDE_IN_FRAMEWORK_HEADER = YES;
				CLANG_WARN_RANGE_LOOP_ANALYSIS = YES;
				CLANG_WARN_STRICT_PROTOTYPES = YES;
				CLANG_WARN_SUSPICIOUS_MOVE = YES;
				CLANG_WARN_UNGUARDED_AVAILABILITY = YES_AGGRESSIVE;
				CLANG_WARN_UNREACHABLE_CODE = YES;
				CLANG_WARN__DUPLICATE_METHOD_MATCH = YES;
				COPY_PHASE_STRIP = NO;
				DEBUG_INFORMATION_FORMAT = dwarf;
				ENABLE_STRICT_OBJC_MSGSEND = YES;
				ENABLE_TESTABILITY = YES;
				GCC_C_LANGUAGE_STANDARD = gnu11;
				GCC_DYNAMIC_NO_PIC = NO;
				GCC_NO_COMMON_BLOCKS = YES;
				GCC_OPTIMIZATION_LEVEL = 0;
				GCC_PREPROCESSOR_DEFINITIONS = (
					"DEBUG=1",
					"$(inherited)",
				);
				GCC_WARN_64_TO_32_BIT_CONVERSION = YES;
				GCC_WARN_ABOUT_RETURN_TYPE = YES_ERROR;
				GCC_WARN_UNDECLARED_SELECTOR = YES;
				GCC_WARN_UNINITIALIZED_AUTOS = YES_AGGRESSIVE;
				GCC_WARN_UNUSED_FUNCTION = YES;
				GCC_WARN_UNUSED_VARIABLE = YES;
				IPHONEOS_DEPLOYMENT_TARGET = 16.2;
				MTL_ENABLE_DEBUG_INFO = INCLUDE_SOURCE;
				MTL_FAST_MATH = YES;
				ONLY_ACTIVE_ARCH = YES;
				SDKROOT = iphoneos;
				SWIFT_ACTIVE_COMPILATION_CONDITIONS = DEBUG;
				SWIFT_OPTIMIZATION_LEVEL = "-Onone";
			};
			name = Debug;
		};
		AC83302C29D880EE0053A0CE /* Release */ = {
			isa = XCBuildConfiguration;
			buildSettings = {
				ALWAYS_SEARCH_USER_PATHS = NO;
				CLANG_ANALYZER_NONNULL = YES;
				CLANG_ANALYZER_NUMBER_OBJECT_CONVERSION = YES_AGGRESSIVE;
				CLANG_CXX_LANGUAGE_STANDARD = "gnu++20";
				CLANG_ENABLE_MODULES = YES;
				CLANG_ENABLE_OBJC_ARC = YES;
				CLANG_ENABLE_OBJC_WEAK = YES;
				CLANG_WARN_BLOCK_CAPTURE_AUTORELEASING = YES;
				CLANG_WARN_BOOL_CONVERSION = YES;
				CLANG_WARN_COMMA = YES;
				CLANG_WARN_CONSTANT_CONVERSION = YES;
				CLANG_WARN_DEPRECATED_OBJC_IMPLEMENTATIONS = YES;
				CLANG_WARN_DIRECT_OBJC_ISA_USAGE = YES_ERROR;
				CLANG_WARN_DOCUMENTATION_COMMENTS = YES;
				CLANG_WARN_EMPTY_BODY = YES;
				CLANG_WARN_ENUM_CONVERSION = YES;
				CLANG_WARN_INFINITE_RECURSION = YES;
				CLANG_WARN_INT_CONVERSION = YES;
				CLANG_WARN_NON_LITERAL_NULL_CONVERSION = YES;
				CLANG_WARN_OBJC_IMPLICIT_RETAIN_SELF = YES;
				CLANG_WARN_OBJC_LITERAL_CONVERSION = YES;
				CLANG_WARN_OBJC_ROOT_CLASS = YES_ERROR;
				CLANG_WARN_QUOTED_INCLUDE_IN_FRAMEWORK_HEADER = YES;
				CLANG_WARN_RANGE_LOOP_ANALYSIS = YES;
				CLANG_WARN_STRICT_PROTOTYPES = YES;
				CLANG_WARN_SUSPICIOUS_MOVE = YES;
				CLANG_WARN_UNGUARDED_AVAILABILITY = YES_AGGRESSIVE;
				CLANG_WARN_UNREACHABLE_CODE = YES;
				CLANG_WARN__DUPLICATE_METHOD_MATCH = YES;
				COPY_PHASE_STRIP = NO;
				DEBUG_INFORMATION_FORMAT = "dwarf-with-dsym";
				ENABLE_NS_ASSERTIONS = NO;
				ENABLE_STRICT_OBJC_MSGSEND = YES;
				GCC_C_LANGUAGE_STANDARD = gnu11;
				GCC_NO_COMMON_BLOCKS = YES;
				GCC_WARN_64_TO_32_BIT_CONVERSION = YES;
				GCC_WARN_ABOUT_RETURN_TYPE = YES_ERROR;
				GCC_WARN_UNDECLARED_SELECTOR = YES;
				GCC_WARN_UNINITIALIZED_AUTOS = YES_AGGRESSIVE;
				GCC_WARN_UNUSED_FUNCTION = YES;
				GCC_WARN_UNUSED_VARIABLE = YES;
				IPHONEOS_DEPLOYMENT_TARGET = 16.2;
				MTL_ENABLE_DEBUG_INFO = NO;
				MTL_FAST_MATH = YES;
				SDKROOT = iphoneos;
				SWIFT_COMPILATION_MODE = wholemodule;
				SWIFT_OPTIMIZATION_LEVEL = "-O";
				VALIDATE_PRODUCT = YES;
			};
			name = Release;
		};
		AC83302E29D880EE0053A0CE /* Debug */ = {
			isa = XCBuildConfiguration;
			buildSettings = {
				ASSETCATALOG_COMPILER_APPICON_NAME = AppIcon;
				ASSETCATALOG_COMPILER_GLOBAL_ACCENT_COLOR_NAME = AccentColor;
				CODE_SIGN_STYLE = Automatic;
				CURRENT_PROJECT_VERSION = 1;
				GENERATE_INFOPLIST_FILE = YES;
				INFOPLIST_FILE = Football_App/App/Info.plist;
				INFOPLIST_KEY_UIApplicationSupportsIndirectInputEvents = YES;
				INFOPLIST_KEY_UILaunchStoryboardName = LaunchScreen;
				INFOPLIST_KEY_UIMainStoryboardFile = "";
				INFOPLIST_KEY_UISupportedInterfaceOrientations_iPad = "UIInterfaceOrientationPortrait UIInterfaceOrientationPortraitUpsideDown UIInterfaceOrientationLandscapeLeft UIInterfaceOrientationLandscapeRight";
				INFOPLIST_KEY_UISupportedInterfaceOrientations_iPhone = "UIInterfaceOrientationPortrait UIInterfaceOrientationLandscapeLeft UIInterfaceOrientationLandscapeRight";
				LD_RUNPATH_SEARCH_PATHS = (
					"$(inherited)",
					"@executable_path/Frameworks",
				);
				MARKETING_VERSION = 1.0;
				PRODUCT_BUNDLE_IDENTIFIER = "com.ikakooo.Football-App";
				PRODUCT_NAME = "$(TARGET_NAME)";
				SWIFT_EMIT_LOC_STRINGS = YES;
				SWIFT_VERSION = 5.0;
				TARGETED_DEVICE_FAMILY = "1,2";
			};
			name = Debug;
		};
		AC83302F29D880EE0053A0CE /* Release */ = {
			isa = XCBuildConfiguration;
			buildSettings = {
				ASSETCATALOG_COMPILER_APPICON_NAME = AppIcon;
				ASSETCATALOG_COMPILER_GLOBAL_ACCENT_COLOR_NAME = AccentColor;
				CODE_SIGN_STYLE = Automatic;
				CURRENT_PROJECT_VERSION = 1;
				GENERATE_INFOPLIST_FILE = YES;
				INFOPLIST_FILE = Football_App/App/Info.plist;
				INFOPLIST_KEY_UIApplicationSupportsIndirectInputEvents = YES;
				INFOPLIST_KEY_UILaunchStoryboardName = LaunchScreen;
				INFOPLIST_KEY_UIMainStoryboardFile = "";
				INFOPLIST_KEY_UISupportedInterfaceOrientations_iPad = "UIInterfaceOrientationPortrait UIInterfaceOrientationPortraitUpsideDown UIInterfaceOrientationLandscapeLeft UIInterfaceOrientationLandscapeRight";
				INFOPLIST_KEY_UISupportedInterfaceOrientations_iPhone = "UIInterfaceOrientationPortrait UIInterfaceOrientationLandscapeLeft UIInterfaceOrientationLandscapeRight";
				LD_RUNPATH_SEARCH_PATHS = (
					"$(inherited)",
					"@executable_path/Frameworks",
				);
				MARKETING_VERSION = 1.0;
				PRODUCT_BUNDLE_IDENTIFIER = "com.ikakooo.Football-App";
				PRODUCT_NAME = "$(TARGET_NAME)";
				SWIFT_EMIT_LOC_STRINGS = YES;
				SWIFT_VERSION = 5.0;
				TARGETED_DEVICE_FAMILY = "1,2";
			};
			name = Release;
		};
/* End XCBuildConfiguration section */

/* Begin XCConfigurationList section */
		AC463FBE29D976750054657B /* Build configuration list for PBXNativeTarget "Football_AppTests" */ = {
			isa = XCConfigurationList;
			buildConfigurations = (
				AC463FBC29D976750054657B /* Debug */,
				AC463FBD29D976750054657B /* Release */,
			);
			defaultConfigurationIsVisible = 0;
			defaultConfigurationName = Release;
		};
		AC83301429D880ED0053A0CE /* Build configuration list for PBXProject "Football_App" */ = {
			isa = XCConfigurationList;
			buildConfigurations = (
				AC83302B29D880EE0053A0CE /* Debug */,
				AC83302C29D880EE0053A0CE /* Release */,
			);
			defaultConfigurationIsVisible = 0;
			defaultConfigurationName = Release;
		};
		AC83302D29D880EE0053A0CE /* Build configuration list for PBXNativeTarget "Football_App" */ = {
			isa = XCConfigurationList;
			buildConfigurations = (
				AC83302E29D880EE0053A0CE /* Debug */,
				AC83302F29D880EE0053A0CE /* Release */,
			);
			defaultConfigurationIsVisible = 0;
			defaultConfigurationName = Release;
		};
/* End XCConfigurationList section */

/* Begin XCRemoteSwiftPackageReference section */
		AC83304E29D8A9E10053A0CE /* XCRemoteSwiftPackageReference "Resolver" */ = {
			isa = XCRemoteSwiftPackageReference;
			repositoryURL = "https://github.com/hmlongco/Resolver.git";
			requirement = {
				kind = exactVersion;
				version = 1.5.0;
			};
		};
		AC83307129D8E4760053A0CE /* XCRemoteSwiftPackageReference "Kingfisher" */ = {
			isa = XCRemoteSwiftPackageReference;
			repositoryURL = "https://github.com/onevcat/Kingfisher.git";
			requirement = {
				kind = exactVersion;
				version = 7.6.2;
			};
		};
/* End XCRemoteSwiftPackageReference section */

/* Begin XCSwiftPackageProductDependency section */
		AC83304F29D8A9E10053A0CE /* Resolver */ = {
			isa = XCSwiftPackageProductDependency;
			package = AC83304E29D8A9E10053A0CE /* XCRemoteSwiftPackageReference "Resolver" */;
			productName = Resolver;
		};
		AC83307229D8E4760053A0CE /* Kingfisher */ = {
			isa = XCSwiftPackageProductDependency;
			package = AC83307129D8E4760053A0CE /* XCRemoteSwiftPackageReference "Kingfisher" */;
			productName = Kingfisher;
		};
/* End XCSwiftPackageProductDependency section */
	};
	rootObject = AC83301129D880ED0053A0CE /* Project object */;
}
