// !$*UTF8*$!
{
	archiveVersion = 1;
	classes = {
	};
	objectVersion = 56;
	objects = {

/* Begin PBXBuildFile section */
		AC83301D29D880ED0053A0CE /* AppDelegate.swift in Sources */ = {isa = PBXBuildFile; fileRef = AC83301C29D880ED0053A0CE /* AppDelegate.swift */; };
		AC83301F29D880ED0053A0CE /* SceneDelegate.swift in Sources */ = {isa = PBXBuildFile; fileRef = AC83301E29D880ED0053A0CE /* SceneDelegate.swift */; };
		AC83302629D880EE0053A0CE /* Assets.xcassets in Resources */ = {isa = PBXBuildFile; fileRef = AC83302529D880EE0053A0CE /* Assets.xcassets */; };
		AC83302929D880EE0053A0CE /* LaunchScreen.storyboard in Resources */ = {isa = PBXBuildFile; fileRef = AC83302729D880EE0053A0CE /* LaunchScreen.storyboard */; };
		AC83303829D883340053A0CE /* IntroViewController.swift in Sources */ = {isa = PBXBuildFile; fileRef = AC83303629D883340053A0CE /* IntroViewController.swift */; };
		AC83303929D883340053A0CE /* IntroViewController.xib in Resources */ = {isa = PBXBuildFile; fileRef = AC83303729D883340053A0CE /* IntroViewController.xib */; };
		AC83303D29D884170053A0CE /* MatchesViewController.swift in Sources */ = {isa = PBXBuildFile; fileRef = AC83303B29D884170053A0CE /* MatchesViewController.swift */; };
		AC83303E29D884170053A0CE /* MatchesViewController.xib in Resources */ = {isa = PBXBuildFile; fileRef = AC83303C29D884170053A0CE /* MatchesViewController.xib */; };
		AC83304129D886280053A0CE /* ConfigurableButton.swift in Sources */ = {isa = PBXBuildFile; fileRef = AC83304029D886280053A0CE /* ConfigurableButton.swift */; };
		AC83304429D888100053A0CE /* MainDashboardTabBarController.swift in Sources */ = {isa = PBXBuildFile; fileRef = AC83304329D888100053A0CE /* MainDashboardTabBarController.swift */; };
		AC83304729D890100053A0CE /* NetworkingConstans.swift in Sources */ = {isa = PBXBuildFile; fileRef = AC83304629D890100053A0CE /* NetworkingConstans.swift */; };
/* End PBXBuildFile section */

/* Begin PBXFileReference section */
		AC83301929D880ED0053A0CE /* Football_App.app */ = {isa = PBXFileReference; explicitFileType = wrapper.application; includeInIndex = 0; path = Football_App.app; sourceTree = BUILT_PRODUCTS_DIR; };
		AC83301C29D880ED0053A0CE /* AppDelegate.swift */ = {isa = PBXFileReference; lastKnownFileType = sourcecode.swift; path = AppDelegate.swift; sourceTree = "<group>"; };
		AC83301E29D880ED0053A0CE /* SceneDelegate.swift */ = {isa = PBXFileReference; lastKnownFileType = sourcecode.swift; path = SceneDelegate.swift; sourceTree = "<group>"; };
		AC83302529D880EE0053A0CE /* Assets.xcassets */ = {isa = PBXFileReference; lastKnownFileType = folder.assetcatalog; path = Assets.xcassets; sourceTree = "<group>"; };
		AC83302829D880EE0053A0CE /* Base */ = {isa = PBXFileReference; lastKnownFileType = file.storyboard; name = Base; path = Base.lproj/LaunchScreen.storyboard; sourceTree = "<group>"; };
		AC83302A29D880EE0053A0CE /* Info.plist */ = {isa = PBXFileReference; lastKnownFileType = text.plist.xml; path = Info.plist; sourceTree = "<group>"; };
		AC83303629D883340053A0CE /* IntroViewController.swift */ = {isa = PBXFileReference; lastKnownFileType = sourcecode.swift; path = IntroViewController.swift; sourceTree = "<group>"; };
		AC83303729D883340053A0CE /* IntroViewController.xib */ = {isa = PBXFileReference; lastKnownFileType = file.xib; path = IntroViewController.xib; sourceTree = "<group>"; };
		AC83303B29D884170053A0CE /* MatchesViewController.swift */ = {isa = PBXFileReference; lastKnownFileType = sourcecode.swift; path = MatchesViewController.swift; sourceTree = "<group>"; };
		AC83303C29D884170053A0CE /* MatchesViewController.xib */ = {isa = PBXFileReference; lastKnownFileType = file.xib; path = MatchesViewController.xib; sourceTree = "<group>"; };
		AC83304029D886280053A0CE /* ConfigurableButton.swift */ = {isa = PBXFileReference; lastKnownFileType = sourcecode.swift; path = ConfigurableButton.swift; sourceTree = "<group>"; };
		AC83304329D888100053A0CE /* MainDashboardTabBarController.swift */ = {isa = PBXFileReference; lastKnownFileType = sourcecode.swift; path = MainDashboardTabBarController.swift; sourceTree = "<group>"; };
		AC83304629D890100053A0CE /* NetworkingConstans.swift */ = {isa = PBXFileReference; lastKnownFileType = sourcecode.swift; path = NetworkingConstans.swift; sourceTree = "<group>"; };
/* End PBXFileReference section */

/* Begin PBXFrameworksBuildPhase section */
		AC83301629D880ED0053A0CE /* Frameworks */ = {
			isa = PBXFrameworksBuildPhase;
			buildActionMask = 2147483647;
			files = (
			);
			runOnlyForDeploymentPostprocessing = 0;
		};
/* End PBXFrameworksBuildPhase section */

/* Begin PBXGroup section */
		AC83301029D880ED0053A0CE = {
			isa = PBXGroup;
			children = (
				AC83301B29D880ED0053A0CE /* Football_App */,
				AC83301A29D880ED0053A0CE /* Products */,
			);
			sourceTree = "<group>";
		};
		AC83301A29D880ED0053A0CE /* Products */ = {
			isa = PBXGroup;
			children = (
				AC83301929D880ED0053A0CE /* Football_App.app */,
			);
			name = Products;
			sourceTree = "<group>";
		};
		AC83301B29D880ED0053A0CE /* Football_App */ = {
			isa = PBXGroup;
			children = (
				AC83303329D881CC0053A0CE /* App */,
				AC83303229D881C30053A0CE /* Data */,
				AC83303129D881B80053A0CE /* Infrastructure */,
				AC83303029D881AE0053A0CE /* UI */,
			);
			path = Football_App;
			sourceTree = "<group>";
		};
		AC83303029D881AE0053A0CE /* UI */ = {
			isa = PBXGroup;
			children = (
				AC83303529D8830F0053A0CE /* Dashboard */,
				AC83303429D883020053A0CE /* Intro */,
			);
			path = UI;
			sourceTree = "<group>";
		};
		AC83303129D881B80053A0CE /* Infrastructure */ = {
			isa = PBXGroup;
			children = (
				AC83303F29D886140053A0CE /* Custom UI Components */,
			);
			path = Infrastructure;
			sourceTree = "<group>";
		};
		AC83303229D881C30053A0CE /* Data */ = {
			isa = PBXGroup;
			children = (
				AC83304529D88FFA0053A0CE /* Constants */,
			);
			path = Data;
			sourceTree = "<group>";
		};
		AC83303329D881CC0053A0CE /* App */ = {
			isa = PBXGroup;
			children = (
				AC83301C29D880ED0053A0CE /* AppDelegate.swift */,
				AC83301E29D880ED0053A0CE /* SceneDelegate.swift */,
				AC83302729D880EE0053A0CE /* LaunchScreen.storyboard */,
				AC83302529D880EE0053A0CE /* Assets.xcassets */,
				AC83302A29D880EE0053A0CE /* Info.plist */,
			);
			path = App;
			sourceTree = "<group>";
		};
		AC83303429D883020053A0CE /* Intro */ = {
			isa = PBXGroup;
			children = (
				AC83303629D883340053A0CE /* IntroViewController.swift */,
				AC83303729D883340053A0CE /* IntroViewController.xib */,
			);
			path = Intro;
			sourceTree = "<group>";
		};
		AC83303529D8830F0053A0CE /* Dashboard */ = {
			isa = PBXGroup;
			children = (
				AC83304229D887FD0053A0CE /* MainTabBar */,
				AC83303A29D884060053A0CE /* Matches */,
			);
			path = Dashboard;
			sourceTree = "<group>";
		};
		AC83303A29D884060053A0CE /* Matches */ = {
			isa = PBXGroup;
			children = (
				AC83303B29D884170053A0CE /* MatchesViewController.swift */,
				AC83303C29D884170053A0CE /* MatchesViewController.xib */,
			);
			path = Matches;
			sourceTree = "<group>";
		};
		AC83303F29D886140053A0CE /* Custom UI Components */ = {
			isa = PBXGroup;
			children = (
				AC83304029D886280053A0CE /* ConfigurableButton.swift */,
			);
			path = "Custom UI Components";
			sourceTree = "<group>";
		};
		AC83304229D887FD0053A0CE /* MainTabBar */ = {
			isa = PBXGroup;
			children = (
				AC83304329D888100053A0CE /* MainDashboardTabBarController.swift */,
			);
			path = MainTabBar;
			sourceTree = "<group>";
		};
		AC83304529D88FFA0053A0CE /* Constants */ = {
			isa = PBXGroup;
			children = (
				AC83304629D890100053A0CE /* NetworkingConstans.swift */,
			);
			path = Constants;
			sourceTree = "<group>";
		};
/* End PBXGroup section */

/* Begin PBXNativeTarget section */
		AC83301829D880ED0053A0CE /* Football_App */ = {
			isa = PBXNativeTarget;
			buildConfigurationList = AC83302D29D880EE0053A0CE /* Build configuration list for PBXNativeTarget "Football_App" */;
			buildPhases = (
				AC83301529D880ED0053A0CE /* Sources */,
				AC83301629D880ED0053A0CE /* Frameworks */,
				AC83301729D880ED0053A0CE /* Resources */,
			);
			buildRules = (
			);
			dependencies = (
			);
			name = Football_App;
			productName = Football_App;
			productReference = AC83301929D880ED0053A0CE /* Football_App.app */;
			productType = "com.apple.product-type.application";
		};
/* End PBXNativeTarget section */

/* Begin PBXProject section */
		AC83301129D880ED0053A0CE /* Project object */ = {
			isa = PBXProject;
			attributes = {
				BuildIndependentTargetsInParallel = 1;
				LastSwiftUpdateCheck = 1420;
				LastUpgradeCheck = 1420;
				TargetAttributes = {
					AC83301829D880ED0053A0CE = {
						CreatedOnToolsVersion = 14.2;
					};
				};
			};
			buildConfigurationList = AC83301429D880ED0053A0CE /* Build configuration list for PBXProject "Football_App" */;
			compatibilityVersion = "Xcode 14.0";
			developmentRegion = en;
			hasScannedForEncodings = 0;
			knownRegions = (
				en,
				Base,
			);
			mainGroup = AC83301029D880ED0053A0CE;
			productRefGroup = AC83301A29D880ED0053A0CE /* Products */;
			projectDirPath = "";
			projectRoot = "";
			targets = (
				AC83301829D880ED0053A0CE /* Football_App */,
			);
		};
/* End PBXProject section */

/* Begin PBXResourcesBuildPhase section */
		AC83301729D880ED0053A0CE /* Resources */ = {
			isa = PBXResourcesBuildPhase;
			buildActionMask = 2147483647;
			files = (
				AC83302929D880EE0053A0CE /* LaunchScreen.storyboard in Resources */,
				AC83302629D880EE0053A0CE /* Assets.xcassets in Resources */,
				AC83303E29D884170053A0CE /* MatchesViewController.xib in Resources */,
				AC83303929D883340053A0CE /* IntroViewController.xib in Resources */,
			);
			runOnlyForDeploymentPostprocessing = 0;
		};
/* End PBXResourcesBuildPhase section */

/* Begin PBXSourcesBuildPhase section */
		AC83301529D880ED0053A0CE /* Sources */ = {
			isa = PBXSourcesBuildPhase;
			buildActionMask = 2147483647;
			files = (
				AC83301D29D880ED0053A0CE /* AppDelegate.swift in Sources */,
				AC83304129D886280053A0CE /* ConfigurableButton.swift in Sources */,
				AC83304729D890100053A0CE /* NetworkingConstans.swift in Sources */,
				AC83301F29D880ED0053A0CE /* SceneDelegate.swift in Sources */,
				AC83304429D888100053A0CE /* MainDashboardTabBarController.swift in Sources */,
				AC83303D29D884170053A0CE /* MatchesViewController.swift in Sources */,
				AC83303829D883340053A0CE /* IntroViewController.swift in Sources */,
			);
			runOnlyForDeploymentPostprocessing = 0;
		};
/* End PBXSourcesBuildPhase section */

/* Begin PBXVariantGroup section */
		AC83302729D880EE0053A0CE /* LaunchScreen.storyboard */ = {
			isa = PBXVariantGroup;
			children = (
				AC83302829D880EE0053A0CE /* Base */,
			);
			name = LaunchScreen.storyboard;
			sourceTree = "<group>";
		};
/* End PBXVariantGroup section */

/* Begin XCBuildConfiguration section */
		AC83302B29D880EE0053A0CE /* Debug */ = {
			isa = XCBuildConfiguration;
			buildSettings = {
				ALWAYS_SEARCH_USER_PATHS = NO;
				CLANG_ANALYZER_NONNULL = YES;
				CLANG_ANALYZER_NUMBER_OBJECT_CONVERSION = YES_AGGRESSIVE;
				CLANG_CXX_LANGUAGE_STANDARD = "gnu++20";
				CLANG_ENABLE_MODULES = YES;
				CLANG_ENABLE_OBJC_ARC = YES;
				CLANG_ENABLE_OBJC_WEAK = YES;
				CLANG_WARN_BLOCK_CAPTURE_AUTORELEASING = YES;
				CLANG_WARN_BOOL_CONVERSION = YES;
				CLANG_WARN_COMMA = YES;
				CLANG_WARN_CONSTANT_CONVERSION = YES;
				CLANG_WARN_DEPRECATED_OBJC_IMPLEMENTATIONS = YES;
				CLANG_WARN_DIRECT_OBJC_ISA_USAGE = YES_ERROR;
				CLANG_WARN_DOCUMENTATION_COMMENTS = YES;
				CLANG_WARN_EMPTY_BODY = YES;
				CLANG_WARN_ENUM_CONVERSION = YES;
				CLANG_WARN_INFINITE_RECURSION = YES;
				CLANG_WARN_INT_CONVERSION = YES;
				CLANG_WARN_NON_LITERAL_NULL_CONVERSION = YES;
				CLANG_WARN_OBJC_IMPLICIT_RETAIN_SELF = YES;
				CLANG_WARN_OBJC_LITERAL_CONVERSION = YES;
				CLANG_WARN_OBJC_ROOT_CLASS = YES_ERROR;
				CLANG_WARN_QUOTED_INCLUDE_IN_FRAMEWORK_HEADER = YES;
				CLANG_WARN_RANGE_LOOP_ANALYSIS = YES;
				CLANG_WARN_STRICT_PROTOTYPES = YES;
				CLANG_WARN_SUSPICIOUS_MOVE = YES;
				CLANG_WARN_UNGUARDED_AVAILABILITY = YES_AGGRESSIVE;
				CLANG_WARN_UNREACHABLE_CODE = YES;
				CLANG_WARN__DUPLICATE_METHOD_MATCH = YES;
				COPY_PHASE_STRIP = NO;
				DEBUG_INFORMATION_FORMAT = dwarf;
				ENABLE_STRICT_OBJC_MSGSEND = YES;
				ENABLE_TESTABILITY = YES;
				GCC_C_LANGUAGE_STANDARD = gnu11;
				GCC_DYNAMIC_NO_PIC = NO;
				GCC_NO_COMMON_BLOCKS = YES;
				GCC_OPTIMIZATION_LEVEL = 0;
				GCC_PREPROCESSOR_DEFINITIONS = (
					"DEBUG=1",
					"$(inherited)",
				);
				GCC_WARN_64_TO_32_BIT_CONVERSION = YES;
				GCC_WARN_ABOUT_RETURN_TYPE = YES_ERROR;
				GCC_WARN_UNDECLARED_SELECTOR = YES;
				GCC_WARN_UNINITIALIZED_AUTOS = YES_AGGRESSIVE;
				GCC_WARN_UNUSED_FUNCTION = YES;
				GCC_WARN_UNUSED_VARIABLE = YES;
				IPHONEOS_DEPLOYMENT_TARGET = 16.2;
				MTL_ENABLE_DEBUG_INFO = INCLUDE_SOURCE;
				MTL_FAST_MATH = YES;
				ONLY_ACTIVE_ARCH = YES;
				SDKROOT = iphoneos;
				SWIFT_ACTIVE_COMPILATION_CONDITIONS = DEBUG;
				SWIFT_OPTIMIZATION_LEVEL = "-Onone";
			};
			name = Debug;
		};
		AC83302C29D880EE0053A0CE /* Release */ = {
			isa = XCBuildConfiguration;
			buildSettings = {
				ALWAYS_SEARCH_USER_PATHS = NO;
				CLANG_ANALYZER_NONNULL = YES;
				CLANG_ANALYZER_NUMBER_OBJECT_CONVERSION = YES_AGGRESSIVE;
				CLANG_CXX_LANGUAGE_STANDARD = "gnu++20";
				CLANG_ENABLE_MODULES = YES;
				CLANG_ENABLE_OBJC_ARC = YES;
				CLANG_ENABLE_OBJC_WEAK = YES;
				CLANG_WARN_BLOCK_CAPTURE_AUTORELEASING = YES;
				CLANG_WARN_BOOL_CONVERSION = YES;
				CLANG_WARN_COMMA = YES;
				CLANG_WARN_CONSTANT_CONVERSION = YES;
				CLANG_WARN_DEPRECATED_OBJC_IMPLEMENTATIONS = YES;
				CLANG_WARN_DIRECT_OBJC_ISA_USAGE = YES_ERROR;
				CLANG_WARN_DOCUMENTATION_COMMENTS = YES;
				CLANG_WARN_EMPTY_BODY = YES;
				CLANG_WARN_ENUM_CONVERSION = YES;
				CLANG_WARN_INFINITE_RECURSION = YES;
				CLANG_WARN_INT_CONVERSION = YES;
				CLANG_WARN_NON_LITERAL_NULL_CONVERSION = YES;
				CLANG_WARN_OBJC_IMPLICIT_RETAIN_SELF = YES;
				CLANG_WARN_OBJC_LITERAL_CONVERSION = YES;
				CLANG_WARN_OBJC_ROOT_CLASS = YES_ERROR;
				CLANG_WARN_QUOTED_INCLUDE_IN_FRAMEWORK_HEADER = YES;
				CLANG_WARN_RANGE_LOOP_ANALYSIS = YES;
				CLANG_WARN_STRICT_PROTOTYPES = YES;
				CLANG_WARN_SUSPICIOUS_MOVE = YES;
				CLANG_WARN_UNGUARDED_AVAILABILITY = YES_AGGRESSIVE;
				CLANG_WARN_UNREACHABLE_CODE = YES;
				CLANG_WARN__DUPLICATE_METHOD_MATCH = YES;
				COPY_PHASE_STRIP = NO;
				DEBUG_INFORMATION_FORMAT = "dwarf-with-dsym";
				ENABLE_NS_ASSERTIONS = NO;
				ENABLE_STRICT_OBJC_MSGSEND = YES;
				GCC_C_LANGUAGE_STANDARD = gnu11;
				GCC_NO_COMMON_BLOCKS = YES;
				GCC_WARN_64_TO_32_BIT_CONVERSION = YES;
				GCC_WARN_ABOUT_RETURN_TYPE = YES_ERROR;
				GCC_WARN_UNDECLARED_SELECTOR = YES;
				GCC_WARN_UNINITIALIZED_AUTOS = YES_AGGRESSIVE;
				GCC_WARN_UNUSED_FUNCTION = YES;
				GCC_WARN_UNUSED_VARIABLE = YES;
				IPHONEOS_DEPLOYMENT_TARGET = 16.2;
				MTL_ENABLE_DEBUG_INFO = NO;
				MTL_FAST_MATH = YES;
				SDKROOT = iphoneos;
				SWIFT_COMPILATION_MODE = wholemodule;
				SWIFT_OPTIMIZATION_LEVEL = "-O";
				VALIDATE_PRODUCT = YES;
			};
			name = Release;
		};
		AC83302E29D880EE0053A0CE /* Debug */ = {
			isa = XCBuildConfiguration;
			buildSettings = {
				ASSETCATALOG_COMPILER_APPICON_NAME = AppIcon;
				ASSETCATALOG_COMPILER_GLOBAL_ACCENT_COLOR_NAME = AccentColor;
				CODE_SIGN_STYLE = Automatic;
				CURRENT_PROJECT_VERSION = 1;
				GENERATE_INFOPLIST_FILE = YES;
				INFOPLIST_FILE = Football_App/App/Info.plist;
				INFOPLIST_KEY_UIApplicationSupportsIndirectInputEvents = YES;
				INFOPLIST_KEY_UILaunchStoryboardName = LaunchScreen;
				INFOPLIST_KEY_UIMainStoryboardFile = "";
				INFOPLIST_KEY_UISupportedInterfaceOrientations_iPad = "UIInterfaceOrientationPortrait UIInterfaceOrientationPortraitUpsideDown UIInterfaceOrientationLandscapeLeft UIInterfaceOrientationLandscapeRight";
				INFOPLIST_KEY_UISupportedInterfaceOrientations_iPhone = "UIInterfaceOrientationPortrait UIInterfaceOrientationLandscapeLeft UIInterfaceOrientationLandscapeRight";
				LD_RUNPATH_SEARCH_PATHS = (
					"$(inherited)",
					"@executable_path/Frameworks",
				);
				MARKETING_VERSION = 1.0;
				PRODUCT_BUNDLE_IDENTIFIER = "com.ikakooo.Football-App";
				PRODUCT_NAME = "$(TARGET_NAME)";
				SWIFT_EMIT_LOC_STRINGS = YES;
				SWIFT_VERSION = 5.0;
				TARGETED_DEVICE_FAMILY = "1,2";
			};
			name = Debug;
		};
		AC83302F29D880EE0053A0CE /* Release */ = {
			isa = XCBuildConfiguration;
			buildSettings = {
				ASSETCATALOG_COMPILER_APPICON_NAME = AppIcon;
				ASSETCATALOG_COMPILER_GLOBAL_ACCENT_COLOR_NAME = AccentColor;
				CODE_SIGN_STYLE = Automatic;
				CURRENT_PROJECT_VERSION = 1;
				GENERATE_INFOPLIST_FILE = YES;
				INFOPLIST_FILE = Football_App/App/Info.plist;
				INFOPLIST_KEY_UIApplicationSupportsIndirectInputEvents = YES;
				INFOPLIST_KEY_UILaunchStoryboardName = LaunchScreen;
				INFOPLIST_KEY_UIMainStoryboardFile = "";
				INFOPLIST_KEY_UISupportedInterfaceOrientations_iPad = "UIInterfaceOrientationPortrait UIInterfaceOrientationPortraitUpsideDown UIInterfaceOrientationLandscapeLeft UIInterfaceOrientationLandscapeRight";
				INFOPLIST_KEY_UISupportedInterfaceOrientations_iPhone = "UIInterfaceOrientationPortrait UIInterfaceOrientationLandscapeLeft UIInterfaceOrientationLandscapeRight";
				LD_RUNPATH_SEARCH_PATHS = (
					"$(inherited)",
					"@executable_path/Frameworks",
				);
				MARKETING_VERSION = 1.0;
				PRODUCT_BUNDLE_IDENTIFIER = "com.ikakooo.Football-App";
				PRODUCT_NAME = "$(TARGET_NAME)";
				SWIFT_EMIT_LOC_STRINGS = YES;
				SWIFT_VERSION = 5.0;
				TARGETED_DEVICE_FAMILY = "1,2";
			};
			name = Release;
		};
/* End XCBuildConfiguration section */

/* Begin XCConfigurationList section */
		AC83301429D880ED0053A0CE /* Build configuration list for PBXProject "Football_App" */ = {
			isa = XCConfigurationList;
			buildConfigurations = (
				AC83302B29D880EE0053A0CE /* Debug */,
				AC83302C29D880EE0053A0CE /* Release */,
			);
			defaultConfigurationIsVisible = 0;
			defaultConfigurationName = Release;
		};
		AC83302D29D880EE0053A0CE /* Build configuration list for PBXNativeTarget "Football_App" */ = {
			isa = XCConfigurationList;
			buildConfigurations = (
				AC83302E29D880EE0053A0CE /* Debug */,
				AC83302F29D880EE0053A0CE /* Release */,
			);
			defaultConfigurationIsVisible = 0;
			defaultConfigurationName = Release;
		};
/* End XCConfigurationList section */
	};
	rootObject = AC83301129D880ED0053A0CE /* Project object */;
}
